
Microsoft Visual Studio Solution File, Format Version 12.00
# Visual Studio Version 17
VisualStudioVersion = 17.5.33516.290
MinimumVisualStudioVersion = 10.0.40219.1
Project("{FAE04EC0-301F-11D3-BF4B-00C04F79EFBC}") = "WebApplication2", "WebApplication2\WebApplication2.csproj", "{1164F091-9F37-4345-AF28-B990A95500F6}"
EndProject
Global
	GlobalSection(SolutionConfigurationPlatforms) = preSolution
		Debug|Any CPU = Debug|Any CPU
		Release|Any CPU = Release|Any CPU
	EndGlobalSection
	GlobalSection(ProjectConfigurationPlatforms) = postSolution
		{1164F091-9F37-4345-AF28-B990A95500F6}.Debug|Any CPU.ActiveCfg = Debug|Any CPU
		{1164F091-9F37-4345-AF28-B990A95500F6}.Debug|Any CPU.Build.0 = Debug|Any CPU
		{1164F091-9F37-4345-AF28-B990A95500F6}.Release|Any CPU.ActiveCfg = Release|Any CPU
		{1164F091-9F37-4345-AF28-B990A95500F6}.Release|Any CPU.Build.0 = Release|Any CPU
	EndGlobalSection
	GlobalSection(SolutionProperties) = preSolution
		HideSolutionNode = FALSE
	EndGlobalSection
	GlobalSection(ExtensibilityGlobals) = postSolution
		SolutionGuid = {12F652D8-6555-4918-A20A-C13D6643AF5F}
	EndGlobalSection
EndGlobal
